
Microsoft Visual Studio Solution File, Format Version 12.00
# Visual Studio Version 16
VisualStudioVersion = 16.0.31112.23
MinimumVisualStudioVersion = 10.0.40219.1
Project("{FAE04EC0-301F-11D3-BF4B-00C04F79EFBC}") = "licenta.BLL", "licenta.BLL\licenta.BLL.csproj", "{4543BD9C-10CE-42F5-9D9F-0F3D8246AEAC}"
EndProject
Project("{FAE04EC0-301F-11D3-BF4B-00C04F79EFBC}") = "DummyDataFiller", "DummyDataFiller\DummyDataFiller.csproj", "{1F15E676-62E9-4797-9F52-69979ECFEEC8}"
EndProject
Project("{FAE04EC0-301F-11D3-BF4B-00C04F79EFBC}") = "licenta.API", "licenta.API\licenta.API.csproj", "{BD057807-B67C-49E1-9AAF-DC719909E4B1}"
EndProject
Global
	GlobalSection(SolutionConfigurationPlatforms) = preSolution
		Debug|Any CPU = Debug|Any CPU
		Debug|x64 = Debug|x64
		Debug|x86 = Debug|x86
		Release|Any CPU = Release|Any CPU
		Release|x64 = Release|x64
		Release|x86 = Release|x86
	EndGlobalSection
	GlobalSection(ProjectConfigurationPlatforms) = postSolution
		{4543BD9C-10CE-42F5-9D9F-0F3D8246AEAC}.Debug|Any CPU.ActiveCfg = Debug|Any CPU
		{4543BD9C-10CE-42F5-9D9F-0F3D8246AEAC}.Debug|Any CPU.Build.0 = Debug|Any CPU
		{4543BD9C-10CE-42F5-9D9F-0F3D8246AEAC}.Debug|x64.ActiveCfg = Debug|Any CPU
		{4543BD9C-10CE-42F5-9D9F-0F3D8246AEAC}.Debug|x64.Build.0 = Debug|Any CPU
		{4543BD9C-10CE-42F5-9D9F-0F3D8246AEAC}.Debug|x86.ActiveCfg = Debug|Any CPU
		{4543BD9C-10CE-42F5-9D9F-0F3D8246AEAC}.Debug|x86.Build.0 = Debug|Any CPU
		{4543BD9C-10CE-42F5-9D9F-0F3D8246AEAC}.Release|Any CPU.ActiveCfg = Release|Any CPU
		{4543BD9C-10CE-42F5-9D9F-0F3D8246AEAC}.Release|Any CPU.Build.0 = Release|Any CPU
		{4543BD9C-10CE-42F5-9D9F-0F3D8246AEAC}.Release|x64.ActiveCfg = Release|Any CPU
		{4543BD9C-10CE-42F5-9D9F-0F3D8246AEAC}.Release|x64.Build.0 = Release|Any CPU
		{4543BD9C-10CE-42F5-9D9F-0F3D8246AEAC}.Release|x86.ActiveCfg = Release|Any CPU
		{4543BD9C-10CE-42F5-9D9F-0F3D8246AEAC}.Release|x86.Build.0 = Release|Any CPU
		{1F15E676-62E9-4797-9F52-69979ECFEEC8}.Debug|Any CPU.ActiveCfg = Debug|Any CPU
		{1F15E676-62E9-4797-9F52-69979ECFEEC8}.Debug|Any CPU.Build.0 = Debug|Any CPU
		{1F15E676-62E9-4797-9F52-69979ECFEEC8}.Debug|x64.ActiveCfg = Debug|Any CPU
		{1F15E676-62E9-4797-9F52-69979ECFEEC8}.Debug|x64.Build.0 = Debug|Any CPU
		{1F15E676-62E9-4797-9F52-69979ECFEEC8}.Debug|x86.ActiveCfg = Debug|Any CPU
		{1F15E676-62E9-4797-9F52-69979ECFEEC8}.Debug|x86.Build.0 = Debug|Any CPU
		{1F15E676-62E9-4797-9F52-69979ECFEEC8}.Release|Any CPU.ActiveCfg = Release|Any CPU
		{1F15E676-62E9-4797-9F52-69979ECFEEC8}.Release|Any CPU.Build.0 = Release|Any CPU
		{1F15E676-62E9-4797-9F52-69979ECFEEC8}.Release|x64.ActiveCfg = Release|Any CPU
		{1F15E676-62E9-4797-9F52-69979ECFEEC8}.Release|x64.Build.0 = Release|Any CPU
		{1F15E676-62E9-4797-9F52-69979ECFEEC8}.Release|x86.ActiveCfg = Release|Any CPU
		{1F15E676-62E9-4797-9F52-69979ECFEEC8}.Release|x86.Build.0 = Release|Any CPU
		{BD057807-B67C-49E1-9AAF-DC719909E4B1}.Debug|Any CPU.ActiveCfg = Debug|Any CPU
		{BD057807-B67C-49E1-9AAF-DC719909E4B1}.Debug|Any CPU.Build.0 = Debug|Any CPU
		{BD057807-B67C-49E1-9AAF-DC719909E4B1}.Debug|x64.ActiveCfg = Debug|Any CPU
		{BD057807-B67C-49E1-9AAF-DC719909E4B1}.Debug|x64.Build.0 = Debug|Any CPU
		{BD057807-B67C-49E1-9AAF-DC719909E4B1}.Debug|x86.ActiveCfg = Debug|Any CPU
		{BD057807-B67C-49E1-9AAF-DC719909E4B1}.Debug|x86.Build.0 = Debug|Any CPU
		{BD057807-B67C-49E1-9AAF-DC719909E4B1}.Release|Any CPU.ActiveCfg = Release|Any CPU
		{BD057807-B67C-49E1-9AAF-DC719909E4B1}.Release|Any CPU.Build.0 = Release|Any CPU
		{BD057807-B67C-49E1-9AAF-DC719909E4B1}.Release|x64.ActiveCfg = Release|Any CPU
		{BD057807-B67C-49E1-9AAF-DC719909E4B1}.Release|x64.Build.0 = Release|Any CPU
		{BD057807-B67C-49E1-9AAF-DC719909E4B1}.Release|x86.ActiveCfg = Release|Any CPU
		{BD057807-B67C-49E1-9AAF-DC719909E4B1}.Release|x86.Build.0 = Release|Any CPU
	EndGlobalSection
EndGlobal
